
Microsoft Visual Studio Solution File, Format Version 12.00
# Visual Studio 2012
Project("{F184B08F-C81C-45F6-A57F-5ABD9991F28F}") = "DirectoryParserForInventoriLogic", "DirectoryParserForInventoriLogic\DirectoryParserForInventoriLogic.vbproj", "{69E1FE70-E56E-48C9-A85B-1F92BD0FACFF}"
EndProject
Global
	GlobalSection(SolutionConfigurationPlatforms) = preSolution
		Debug|Any CPU = Debug|Any CPU
		Release|Any CPU = Release|Any CPU
	EndGlobalSection
	GlobalSection(ProjectConfigurationPlatforms) = postSolution
		{69E1FE70-E56E-48C9-A85B-1F92BD0FACFF}.Debug|Any CPU.ActiveCfg = Debug|Any CPU
		{69E1FE70-E56E-48C9-A85B-1F92BD0FACFF}.Debug|Any CPU.Build.0 = Debug|Any CPU
		{69E1FE70-E56E-48C9-A85B-1F92BD0FACFF}.Release|Any CPU.ActiveCfg = Release|Any CPU
		{69E1FE70-E56E-48C9-A85B-1F92BD0FACFF}.Release|Any CPU.Build.0 = Release|Any CPU
	EndGlobalSection
	GlobalSection(SolutionProperties) = preSolution
		HideSolutionNode = FALSE
	EndGlobalSection
EndGlobal
